
Microsoft Visual Studio Solution File, Format Version 12.00
# Visual Studio Version 17
VisualStudioVersion = 17.9.34622.214
MinimumVisualStudioVersion = 10.0.40219.1
Project("{FAE04EC0-301F-11D3-BF4B-00C04F79EFBC}") = "CommandEcho", "CommandEcho.csproj", "{CA835DBC-1019-45B7-BFF4-ACF0E1D48AB7}"
EndProject
Global
	GlobalSection(SolutionConfigurationPlatforms) = preSolution
		Debug|Any CPU = Debug|Any CPU
		Release|Any CPU = Release|Any CPU
	EndGlobalSection
	GlobalSection(ProjectConfigurationPlatforms) = postSolution
		{CA835DBC-1019-45B7-BFF4-ACF0E1D48AB7}.Debug|Any CPU.ActiveCfg = Debug|Any CPU
		{CA835DBC-1019-45B7-BFF4-ACF0E1D48AB7}.Debug|Any CPU.Build.0 = Debug|Any CPU
		{CA835DBC-1019-45B7-BFF4-ACF0E1D48AB7}.Release|Any CPU.ActiveCfg = Release|Any CPU
		{CA835DBC-1019-45B7-BFF4-ACF0E1D48AB7}.Release|Any CPU.Build.0 = Release|Any CPU
	EndGlobalSection
	GlobalSection(SolutionProperties) = preSolution
		HideSolutionNode = FALSE
	EndGlobalSection
	GlobalSection(ExtensibilityGlobals) = postSolution
		SolutionGuid = {BC4539E2-F263-49E8-BAC2-4EE8A5F7B010}
	EndGlobalSection
EndGlobal
