Microsoft Visual Studio Solution File, Format Version 12.00
# Visual Studio Version 17
Project("{FAE04EC0-301F-11D3-BF4B-00C04F79EFBC}") = "listener-execunit", "listener-execunit.csproj", "{12D68607-4A8C-4F49-985C-E0EA3DF43B2E}"
EndProject
Global
	GlobalSection(SolutionConfigurationPlatforms) = preSolution
		Debug|Any CPU = Debug|Any CPU
		Release|Any CPU = Release|Any CPU
	EndGlobalSection
	GlobalSection(ProjectConfigurationPlatforms) = postSolution
		{12D68607-4A8C-4F49-985C-E0EA3DF43B2E}.Debug|Any CPU.ActiveCfg = Debug|Any CPU
		{12D68607-4A8C-4F49-985C-E0EA3DF43B2E}.Debug|Any CPU.Build.0 = Debug|Any CPU
		{12D68607-4A8C-4F49-985C-E0EA3DF43B2E}.Release|Any CPU.ActiveCfg = Release|Any CPU
		{12D68607-4A8C-4F49-985C-E0EA3DF43B2E}.Release|Any CPU.Build.0 = Release|Any CPU
	EndGlobalSection
EndGlobal
