
Microsoft Visual Studio Solution File, Format Version 12.00
# Visual Studio Version 17
VisualStudioVersion = 17.14.37012.4 d17.14
MinimumVisualStudioVersion = 10.0.40219.1
Project("{FAE04EC0-301F-11D3-BF4B-00C04F79EFBC}") = "dotnet-agent", "dotnet-agent.csproj", "{1FED0315-6B93-4F4F-B13B-0088E0D1B905}"
EndProject
Global
	GlobalSection(SolutionConfigurationPlatforms) = preSolution
		Debug|Any CPU = Debug|Any CPU
		Release|Any CPU = Release|Any CPU
	EndGlobalSection
	GlobalSection(ProjectConfigurationPlatforms) = postSolution
		{1FED0315-6B93-4F4F-B13B-0088E0D1B905}.Debug|Any CPU.ActiveCfg = Debug|Any CPU
		{1FED0315-6B93-4F4F-B13B-0088E0D1B905}.Debug|Any CPU.Build.0 = Debug|Any CPU
		{1FED0315-6B93-4F4F-B13B-0088E0D1B905}.Release|Any CPU.ActiveCfg = Release|Any CPU
		{1FED0315-6B93-4F4F-B13B-0088E0D1B905}.Release|Any CPU.Build.0 = Release|Any CPU
	EndGlobalSection
	GlobalSection(SolutionProperties) = preSolution
		HideSolutionNode = FALSE
	EndGlobalSection
	GlobalSection(ExtensibilityGlobals) = postSolution
		SolutionGuid = {B9B535E6-6A9A-469E-A6AC-C57008E17ACE}
	EndGlobalSection
EndGlobal
